
Microsoft Visual Studio Solution File, Format Version 12.00
# Visual Studio Version 17
VisualStudioVersion = 17.5.33530.505
MinimumVisualStudioVersion = 10.0.40219.1
Project("{FAE04EC0-301F-11D3-BF4B-00C04F79EFBC}") = "UpdateLayers", "UpdateLayers\UpdateLayers.csproj", "{73D3AE77-272E-4D4A-9A9D-5D4BBC2A601B}"
EndProject
Project("{FAE04EC0-301F-11D3-BF4B-00C04F79EFBC}") = "WindowsFormsApp1", "WindowsFormsApp1\WindowsFormsApp1.csproj", "{0CDCF835-5676-4427-B482-FD1E89A47B89}"
EndProject
Global
	GlobalSection(SolutionConfigurationPlatforms) = preSolution
		Debug|Any CPU = Debug|Any CPU
		Release|Any CPU = Release|Any CPU
	EndGlobalSection
	GlobalSection(ProjectConfigurationPlatforms) = postSolution
		{73D3AE77-272E-4D4A-9A9D-5D4BBC2A601B}.Debug|Any CPU.ActiveCfg = Debug|Any CPU
		{73D3AE77-272E-4D4A-9A9D-5D4BBC2A601B}.Debug|Any CPU.Build.0 = Debug|Any CPU
		{73D3AE77-272E-4D4A-9A9D-5D4BBC2A601B}.Release|Any CPU.ActiveCfg = Release|Any CPU
		{73D3AE77-272E-4D4A-9A9D-5D4BBC2A601B}.Release|Any CPU.Build.0 = Release|Any CPU
		{0CDCF835-5676-4427-B482-FD1E89A47B89}.Debug|Any CPU.ActiveCfg = Debug|Any CPU
		{0CDCF835-5676-4427-B482-FD1E89A47B89}.Debug|Any CPU.Build.0 = Debug|Any CPU
		{0CDCF835-5676-4427-B482-FD1E89A47B89}.Release|Any CPU.ActiveCfg = Release|Any CPU
		{0CDCF835-5676-4427-B482-FD1E89A47B89}.Release|Any CPU.Build.0 = Release|Any CPU
	EndGlobalSection
	GlobalSection(SolutionProperties) = preSolution
		HideSolutionNode = FALSE
	EndGlobalSection
	GlobalSection(ExtensibilityGlobals) = postSolution
		SolutionGuid = {A0C04478-8D81-41F7-86B1-B65EBFE131A7}
	EndGlobalSection
EndGlobal
